// !$*UTF8*$!
{
	archiveVersion = 1;
	classes = {
	};
	objectVersion = 50;
	objects = {

/* Begin PBXBuildFile section */
		19ED597425AA049F0047BBF9 /* AppDelegate.swift in Sources */ = {isa = PBXBuildFile; fileRef = 19ED597325AA049F0047BBF9 /* AppDelegate.swift */; };
		19ED597625AA049F0047BBF9 /* SceneDelegate.swift in Sources */ = {isa = PBXBuildFile; fileRef = 19ED597525AA049F0047BBF9 /* SceneDelegate.swift */; };
		19ED597825AA049F0047BBF9 /* UsersViewController.swift in Sources */ = {isa = PBXBuildFile; fileRef = 19ED597725AA049F0047BBF9 /* UsersViewController.swift */; };
		19ED597B25AA049F0047BBF9 /* Main.storyboard in Resources */ = {isa = PBXBuildFile; fileRef = 19ED597925AA049F0047BBF9 /* Main.storyboard */; };
		19ED597E25AA049F0047BBF9 /* CeibaTechnicalTest.xcdatamodeld in Sources */ = {isa = PBXBuildFile; fileRef = 19ED597C25AA049F0047BBF9 /* CeibaTechnicalTest.xcdatamodeld */; };
		19ED598025AA04A30047BBF9 /* Assets.xcassets in Resources */ = {isa = PBXBuildFile; fileRef = 19ED597F25AA04A30047BBF9 /* Assets.xcassets */; };
		19ED598325AA04A30047BBF9 /* LaunchScreen.storyboard in Resources */ = {isa = PBXBuildFile; fileRef = 19ED598125AA04A30047BBF9 /* LaunchScreen.storyboard */; };
		19ED59B125AA065D0047BBF9 /* UserData.swift in Sources */ = {isa = PBXBuildFile; fileRef = 19ED59B025AA065D0047BBF9 /* UserData.swift */; };
		19ED59B925AA08230047BBF9 /* PostData.swift in Sources */ = {isa = PBXBuildFile; fileRef = 19ED59B825AA08230047BBF9 /* PostData.swift */; };
		19ED59C125AA0B660047BBF9 /* APIService.swift in Sources */ = {isa = PBXBuildFile; fileRef = 19ED59C025AA0B660047BBF9 /* APIService.swift */; };
		19ED59F525AA1AB30047BBF9 /* UserDataCellView.xib in Resources */ = {isa = PBXBuildFile; fileRef = 19ED59F425AA1AB30047BBF9 /* UserDataCellView.xib */; };
		19ED59FA25AA1B750047BBF9 /* UserDataCellView.swift in Sources */ = {isa = PBXBuildFile; fileRef = 19ED59F925AA1B750047BBF9 /* UserDataCellView.swift */; };
		19ED5A0125AA2C140047BBF9 /* PostsViewController.swift in Sources */ = {isa = PBXBuildFile; fileRef = 19ED5A0025AA2C140047BBF9 /* PostsViewController.swift */; };
		19ED5A0625AA42B70047BBF9 /* PostCellView.swift in Sources */ = {isa = PBXBuildFile; fileRef = 19ED5A0525AA42B70047BBF9 /* PostCellView.swift */; };
		19ED5A0B25AA42C40047BBF9 /* PostCellView.xib in Resources */ = {isa = PBXBuildFile; fileRef = 19ED5A0A25AA42C40047BBF9 /* PostCellView.xib */; };
		19ED5A1625AA54C80047BBF9 /* DatabaseManager.swift in Sources */ = {isa = PBXBuildFile; fileRef = 19ED5A1525AA54C80047BBF9 /* DatabaseManager.swift */; };
		19ED5A3325AB7C3B0047BBF9 /* UsersViewControllerTests.swift in Sources */ = {isa = PBXBuildFile; fileRef = 19ED5A3225AB7C3B0047BBF9 /* UsersViewControllerTests.swift */; };
		19ED5A3C25AB7D770047BBF9 /* UsersViewController.swift in Sources */ = {isa = PBXBuildFile; fileRef = 19ED597725AA049F0047BBF9 /* UsersViewController.swift */; };
		19ED5A4225AB7E110047BBF9 /* DatabaseMock.swift in Sources */ = {isa = PBXBuildFile; fileRef = 19ED5A4125AB7E110047BBF9 /* DatabaseMock.swift */; };
		19ED5A4925AB7E210047BBF9 /* DatabaseMock.swift in Sources */ = {isa = PBXBuildFile; fileRef = 19ED5A4125AB7E110047BBF9 /* DatabaseMock.swift */; };
		19ED5A4E25AB7F040047BBF9 /* ServiceMock.swift in Sources */ = {isa = PBXBuildFile; fileRef = 19ED5A4D25AB7F040047BBF9 /* ServiceMock.swift */; };
		19ED5A4F25AB7F040047BBF9 /* ServiceMock.swift in Sources */ = {isa = PBXBuildFile; fileRef = 19ED5A4D25AB7F040047BBF9 /* ServiceMock.swift */; };
		19ED5A5425AB7F860047BBF9 /* MockUserData.swift in Sources */ = {isa = PBXBuildFile; fileRef = 19ED5A5325AB7F860047BBF9 /* MockUserData.swift */; };
		19ED5A5525AB7F860047BBF9 /* MockUserData.swift in Sources */ = {isa = PBXBuildFile; fileRef = 19ED5A5325AB7F860047BBF9 /* MockUserData.swift */; };
		19ED5A7025AB843A0047BBF9 /* UserData.swift in Sources */ = {isa = PBXBuildFile; fileRef = 19ED59B025AA065D0047BBF9 /* UserData.swift */; };
		19ED5A7325AB84410047BBF9 /* APIService.swift in Sources */ = {isa = PBXBuildFile; fileRef = 19ED59C025AA0B660047BBF9 /* APIService.swift */; };
		19ED5A7625AB84470047BBF9 /* PostData.swift in Sources */ = {isa = PBXBuildFile; fileRef = 19ED59B825AA08230047BBF9 /* PostData.swift */; };
		19ED5A7925AB844D0047BBF9 /* DatabaseManager.swift in Sources */ = {isa = PBXBuildFile; fileRef = 19ED5A1525AA54C80047BBF9 /* DatabaseManager.swift */; };
		19ED5A7C25AB847E0047BBF9 /* AppDelegate.swift in Sources */ = {isa = PBXBuildFile; fileRef = 19ED597325AA049F0047BBF9 /* AppDelegate.swift */; };
		19ED5A7F25AB84840047BBF9 /* UserDataCellView.swift in Sources */ = {isa = PBXBuildFile; fileRef = 19ED59F925AA1B750047BBF9 /* UserDataCellView.swift */; };
		19ED5A8225AB84900047BBF9 /* PostsViewController.swift in Sources */ = {isa = PBXBuildFile; fileRef = 19ED5A0025AA2C140047BBF9 /* PostsViewController.swift */; };
		19ED5A8525AB84A20047BBF9 /* PostCellView.swift in Sources */ = {isa = PBXBuildFile; fileRef = 19ED5A0525AA42B70047BBF9 /* PostCellView.swift */; };
/* End PBXBuildFile section */

/* Begin PBXContainerItemProxy section */
		19ED598A25AA04A30047BBF9 /* PBXContainerItemProxy */ = {
			isa = PBXContainerItemProxy;
			containerPortal = 19ED596825AA049F0047BBF9 /* Project object */;
			proxyType = 1;
			remoteGlobalIDString = 19ED596F25AA049F0047BBF9;
			remoteInfo = CeibaTechnicalTest;
		};
/* End PBXContainerItemProxy section */

/* Begin PBXFileReference section */
		19ED597025AA049F0047BBF9 /* CeibaTechnicalTest.app */ = {isa = PBXFileReference; explicitFileType = wrapper.application; includeInIndex = 0; path = CeibaTechnicalTest.app; sourceTree = BUILT_PRODUCTS_DIR; };
		19ED597325AA049F0047BBF9 /* AppDelegate.swift */ = {isa = PBXFileReference; lastKnownFileType = sourcecode.swift; path = AppDelegate.swift; sourceTree = "<group>"; };
		19ED597525AA049F0047BBF9 /* SceneDelegate.swift */ = {isa = PBXFileReference; lastKnownFileType = sourcecode.swift; path = SceneDelegate.swift; sourceTree = "<group>"; };
		19ED597725AA049F0047BBF9 /* UsersViewController.swift */ = {isa = PBXFileReference; lastKnownFileType = sourcecode.swift; path = UsersViewController.swift; sourceTree = "<group>"; };
		19ED597A25AA049F0047BBF9 /* Base */ = {isa = PBXFileReference; lastKnownFileType = file.storyboard; name = Base; path = Base.lproj/Main.storyboard; sourceTree = "<group>"; };
		19ED597D25AA049F0047BBF9 /* CeibaTechnicalTest.xcdatamodel */ = {isa = PBXFileReference; lastKnownFileType = wrapper.xcdatamodel; path = CeibaTechnicalTest.xcdatamodel; sourceTree = "<group>"; };
		19ED597F25AA04A30047BBF9 /* Assets.xcassets */ = {isa = PBXFileReference; lastKnownFileType = folder.assetcatalog; path = Assets.xcassets; sourceTree = "<group>"; };
		19ED598225AA04A30047BBF9 /* Base */ = {isa = PBXFileReference; lastKnownFileType = file.storyboard; name = Base; path = Base.lproj/LaunchScreen.storyboard; sourceTree = "<group>"; };
		19ED598425AA04A30047BBF9 /* Info.plist */ = {isa = PBXFileReference; lastKnownFileType = text.plist.xml; path = Info.plist; sourceTree = "<group>"; };
		19ED598925AA04A30047BBF9 /* CeibaTechnicalTestTests.xctest */ = {isa = PBXFileReference; explicitFileType = wrapper.cfbundle; includeInIndex = 0; path = CeibaTechnicalTestTests.xctest; sourceTree = BUILT_PRODUCTS_DIR; };
		19ED598F25AA04A30047BBF9 /* Info.plist */ = {isa = PBXFileReference; lastKnownFileType = text.plist.xml; path = Info.plist; sourceTree = "<group>"; };
		19ED59B025AA065D0047BBF9 /* UserData.swift */ = {isa = PBXFileReference; lastKnownFileType = sourcecode.swift; path = UserData.swift; sourceTree = "<group>"; };
		19ED59B825AA08230047BBF9 /* PostData.swift */ = {isa = PBXFileReference; lastKnownFileType = sourcecode.swift; path = PostData.swift; sourceTree = "<group>"; };
		19ED59C025AA0B660047BBF9 /* APIService.swift */ = {isa = PBXFileReference; lastKnownFileType = sourcecode.swift; path = APIService.swift; sourceTree = "<group>"; };
		19ED59F425AA1AB30047BBF9 /* UserDataCellView.xib */ = {isa = PBXFileReference; lastKnownFileType = file.xib; path = UserDataCellView.xib; sourceTree = "<group>"; };
		19ED59F925AA1B750047BBF9 /* UserDataCellView.swift */ = {isa = PBXFileReference; lastKnownFileType = sourcecode.swift; path = UserDataCellView.swift; sourceTree = "<group>"; };
		19ED5A0025AA2C140047BBF9 /* PostsViewController.swift */ = {isa = PBXFileReference; lastKnownFileType = sourcecode.swift; path = PostsViewController.swift; sourceTree = "<group>"; };
		19ED5A0525AA42B70047BBF9 /* PostCellView.swift */ = {isa = PBXFileReference; lastKnownFileType = sourcecode.swift; path = PostCellView.swift; sourceTree = "<group>"; };
		19ED5A0A25AA42C40047BBF9 /* PostCellView.xib */ = {isa = PBXFileReference; lastKnownFileType = file.xib; path = PostCellView.xib; sourceTree = "<group>"; };
		19ED5A1525AA54C80047BBF9 /* DatabaseManager.swift */ = {isa = PBXFileReference; lastKnownFileType = sourcecode.swift; path = DatabaseManager.swift; sourceTree = "<group>"; };
		19ED5A3225AB7C3B0047BBF9 /* UsersViewControllerTests.swift */ = {isa = PBXFileReference; lastKnownFileType = sourcecode.swift; path = UsersViewControllerTests.swift; sourceTree = "<group>"; };
		19ED5A4125AB7E110047BBF9 /* DatabaseMock.swift */ = {isa = PBXFileReference; lastKnownFileType = sourcecode.swift; path = DatabaseMock.swift; sourceTree = "<group>"; };
		19ED5A4D25AB7F040047BBF9 /* ServiceMock.swift */ = {isa = PBXFileReference; lastKnownFileType = sourcecode.swift; path = ServiceMock.swift; sourceTree = "<group>"; };
		19ED5A5325AB7F860047BBF9 /* MockUserData.swift */ = {isa = PBXFileReference; lastKnownFileType = sourcecode.swift; path = MockUserData.swift; sourceTree = "<group>"; };
/* End PBXFileReference section */

/* Begin PBXFrameworksBuildPhase section */
		19ED596D25AA049F0047BBF9 /* Frameworks */ = {
			isa = PBXFrameworksBuildPhase;
			buildActionMask = 2147483647;
			files = (
			);
			runOnlyForDeploymentPostprocessing = 0;
		};
		19ED598625AA04A30047BBF9 /* Frameworks */ = {
			isa = PBXFrameworksBuildPhase;
			buildActionMask = 2147483647;
			files = (
			);
			runOnlyForDeploymentPostprocessing = 0;
		};
/* End PBXFrameworksBuildPhase section */

/* Begin PBXGroup section */
		19ED596725AA049F0047BBF9 = {
			isa = PBXGroup;
			children = (
				19ED597225AA049F0047BBF9 /* CeibaTechnicalTest */,
				19ED598C25AA04A30047BBF9 /* CeibaTechnicalTestTests */,
				19ED597125AA049F0047BBF9 /* Products */,
			);
			sourceTree = "<group>";
		};
		19ED597125AA049F0047BBF9 /* Products */ = {
			isa = PBXGroup;
			children = (
				19ED597025AA049F0047BBF9 /* CeibaTechnicalTest.app */,
				19ED598925AA04A30047BBF9 /* CeibaTechnicalTestTests.xctest */,
			);
			name = Products;
			sourceTree = "<group>";
		};
		19ED597225AA049F0047BBF9 /* CeibaTechnicalTest */ = {
			isa = PBXGroup;
			children = (
				19ED5A4025AB7DEE0047BBF9 /* Mocks */,
				19ED59D525AA12120047BBF9 /* Views */,
				19ED59AF25AA05C60047BBF9 /* Controllers */,
				19ED59AE25AA05B20047BBF9 /* Common */,
				19ED59AD25AA05A60047BBF9 /* Models */,
				19ED59AC25AA05970047BBF9 /* Services */,
				19ED597925AA049F0047BBF9 /* Main.storyboard */,
				19ED597F25AA04A30047BBF9 /* Assets.xcassets */,
				19ED598125AA04A30047BBF9 /* LaunchScreen.storyboard */,
				19ED598425AA04A30047BBF9 /* Info.plist */,
				19ED597C25AA049F0047BBF9 /* CeibaTechnicalTest.xcdatamodeld */,
			);
			path = CeibaTechnicalTest;
			sourceTree = "<group>";
		};
		19ED598C25AA04A30047BBF9 /* CeibaTechnicalTestTests */ = {
			isa = PBXGroup;
			children = (
				19ED5A3225AB7C3B0047BBF9 /* UsersViewControllerTests.swift */,
				19ED598F25AA04A30047BBF9 /* Info.plist */,
			);
			path = CeibaTechnicalTestTests;
			sourceTree = "<group>";
		};
		19ED59AC25AA05970047BBF9 /* Services */ = {
			isa = PBXGroup;
			children = (
				19ED59C025AA0B660047BBF9 /* APIService.swift */,
			);
			path = Services;
			sourceTree = "<group>";
		};
		19ED59AD25AA05A60047BBF9 /* Models */ = {
			isa = PBXGroup;
			children = (
				19ED59B025AA065D0047BBF9 /* UserData.swift */,
				19ED59B825AA08230047BBF9 /* PostData.swift */,
			);
			path = Models;
			sourceTree = "<group>";
		};
		19ED59AE25AA05B20047BBF9 /* Common */ = {
			isa = PBXGroup;
			children = (
				19ED597325AA049F0047BBF9 /* AppDelegate.swift */,
				19ED597525AA049F0047BBF9 /* SceneDelegate.swift */,
				19ED5A1525AA54C80047BBF9 /* DatabaseManager.swift */,
			);
			path = Common;
			sourceTree = "<group>";
		};
		19ED59AF25AA05C60047BBF9 /* Controllers */ = {
			isa = PBXGroup;
			children = (
				19ED597725AA049F0047BBF9 /* UsersViewController.swift */,
				19ED5A0025AA2C140047BBF9 /* PostsViewController.swift */,
			);
			path = Controllers;
			sourceTree = "<group>";
		};
		19ED59D525AA12120047BBF9 /* Views */ = {
			isa = PBXGroup;
			children = (
				19ED59F925AA1B750047BBF9 /* UserDataCellView.swift */,
				19ED59F425AA1AB30047BBF9 /* UserDataCellView.xib */,
				19ED5A0525AA42B70047BBF9 /* PostCellView.swift */,
				19ED5A0A25AA42C40047BBF9 /* PostCellView.xib */,
			);
			path = Views;
			sourceTree = "<group>";
		};
		19ED5A4025AB7DEE0047BBF9 /* Mocks */ = {
			isa = PBXGroup;
			children = (
				19ED5A4125AB7E110047BBF9 /* DatabaseMock.swift */,
				19ED5A4D25AB7F040047BBF9 /* ServiceMock.swift */,
				19ED5A5325AB7F860047BBF9 /* MockUserData.swift */,
			);
			path = Mocks;
			sourceTree = "<group>";
		};
/* End PBXGroup section */

/* Begin PBXNativeTarget section */
		19ED596F25AA049F0047BBF9 /* CeibaTechnicalTest */ = {
			isa = PBXNativeTarget;
			buildConfigurationList = 19ED599D25AA04A30047BBF9 /* Build configuration list for PBXNativeTarget "CeibaTechnicalTest" */;
			buildPhases = (
				19ED596C25AA049F0047BBF9 /* Sources */,
				19ED596D25AA049F0047BBF9 /* Frameworks */,
				19ED596E25AA049F0047BBF9 /* Resources */,
			);
			buildRules = (
			);
			dependencies = (
			);
			name = CeibaTechnicalTest;
			productName = CeibaTechnicalTest;
			productReference = 19ED597025AA049F0047BBF9 /* CeibaTechnicalTest.app */;
			productType = "com.apple.product-type.application";
		};
		19ED598825AA04A30047BBF9 /* CeibaTechnicalTestTests */ = {
			isa = PBXNativeTarget;
			buildConfigurationList = 19ED59A025AA04A30047BBF9 /* Build configuration list for PBXNativeTarget "CeibaTechnicalTestTests" */;
			buildPhases = (
				19ED598525AA04A30047BBF9 /* Sources */,
				19ED598625AA04A30047BBF9 /* Frameworks */,
				19ED598725AA04A30047BBF9 /* Resources */,
			);
			buildRules = (
			);
			dependencies = (
				19ED598B25AA04A30047BBF9 /* PBXTargetDependency */,
			);
			name = CeibaTechnicalTestTests;
			productName = CeibaTechnicalTestTests;
			productReference = 19ED598925AA04A30047BBF9 /* CeibaTechnicalTestTests.xctest */;
			productType = "com.apple.product-type.bundle.unit-test";
		};
/* End PBXNativeTarget section */

/* Begin PBXProject section */
		19ED596825AA049F0047BBF9 /* Project object */ = {
			isa = PBXProject;
			attributes = {
				LastSwiftUpdateCheck = 1220;
				LastUpgradeCheck = 1220;
				TargetAttributes = {
					19ED596F25AA049F0047BBF9 = {
						CreatedOnToolsVersion = 12.2;
					};
					19ED598825AA04A30047BBF9 = {
						CreatedOnToolsVersion = 12.2;
						TestTargetID = 19ED596F25AA049F0047BBF9;
					};
				};
			};
			buildConfigurationList = 19ED596B25AA049F0047BBF9 /* Build configuration list for PBXProject "CeibaTechnicalTest" */;
			compatibilityVersion = "Xcode 9.3";
			developmentRegion = en;
			hasScannedForEncodings = 0;
			knownRegions = (
				en,
				Base,
			);
			mainGroup = 19ED596725AA049F0047BBF9;
			productRefGroup = 19ED597125AA049F0047BBF9 /* Products */;
			projectDirPath = "";
			projectRoot = "";
			targets = (
				19ED596F25AA049F0047BBF9 /* CeibaTechnicalTest */,
				19ED598825AA04A30047BBF9 /* CeibaTechnicalTestTests */,
			);
		};
/* End PBXProject section */

/* Begin PBXResourcesBuildPhase section */
		19ED596E25AA049F0047BBF9 /* Resources */ = {
			isa = PBXResourcesBuildPhase;
			buildActionMask = 2147483647;
			files = (
				19ED598325AA04A30047BBF9 /* LaunchScreen.storyboard in Resources */,
				19ED59F525AA1AB30047BBF9 /* UserDataCellView.xib in Resources */,
				19ED5A0B25AA42C40047BBF9 /* PostCellView.xib in Resources */,
				19ED598025AA04A30047BBF9 /* Assets.xcassets in Resources */,
				19ED597B25AA049F0047BBF9 /* Main.storyboard in Resources */,
			);
			runOnlyForDeploymentPostprocessing = 0;
		};
		19ED598725AA04A30047BBF9 /* Resources */ = {
			isa = PBXResourcesBuildPhase;
			buildActionMask = 2147483647;
			files = (
			);
			runOnlyForDeploymentPostprocessing = 0;
		};
/* End PBXResourcesBuildPhase section */

/* Begin PBXSourcesBuildPhase section */
		19ED596C25AA049F0047BBF9 /* Sources */ = {
			isa = PBXSourcesBuildPhase;
			buildActionMask = 2147483647;
			files = (
				19ED597825AA049F0047BBF9 /* UsersViewController.swift in Sources */,
				19ED5A1625AA54C80047BBF9 /* DatabaseManager.swift in Sources */,
				19ED5A5425AB7F860047BBF9 /* MockUserData.swift in Sources */,
				19ED59C125AA0B660047BBF9 /* APIService.swift in Sources */,
				19ED597425AA049F0047BBF9 /* AppDelegate.swift in Sources */,
				19ED5A0125AA2C140047BBF9 /* PostsViewController.swift in Sources */,
				19ED5A4E25AB7F040047BBF9 /* ServiceMock.swift in Sources */,
				19ED597E25AA049F0047BBF9 /* CeibaTechnicalTest.xcdatamodeld in Sources */,
				19ED59FA25AA1B750047BBF9 /* UserDataCellView.swift in Sources */,
				19ED59B925AA08230047BBF9 /* PostData.swift in Sources */,
				19ED5A4925AB7E210047BBF9 /* DatabaseMock.swift in Sources */,
				19ED5A0625AA42B70047BBF9 /* PostCellView.swift in Sources */,
				19ED59B125AA065D0047BBF9 /* UserData.swift in Sources */,
				19ED597625AA049F0047BBF9 /* SceneDelegate.swift in Sources */,
			);
			runOnlyForDeploymentPostprocessing = 0;
		};
		19ED598525AA04A30047BBF9 /* Sources */ = {
			isa = PBXSourcesBuildPhase;
			buildActionMask = 2147483647;
			files = (
				19ED5A8525AB84A20047BBF9 /* PostCellView.swift in Sources */,
				19ED5A7C25AB847E0047BBF9 /* AppDelegate.swift in Sources */,
				19ED5A5525AB7F860047BBF9 /* MockUserData.swift in Sources */,
				19ED5A7625AB84470047BBF9 /* PostData.swift in Sources */,
				19ED5A7925AB844D0047BBF9 /* DatabaseManager.swift in Sources */,
				19ED5A4225AB7E110047BBF9 /* DatabaseMock.swift in Sources */,
				19ED5A7F25AB84840047BBF9 /* UserDataCellView.swift in Sources */,
				19ED5A7025AB843A0047BBF9 /* UserData.swift in Sources */,
				19ED5A8225AB84900047BBF9 /* PostsViewController.swift in Sources */,
				19ED5A4F25AB7F040047BBF9 /* ServiceMock.swift in Sources */,
				19ED5A3C25AB7D770047BBF9 /* UsersViewController.swift in Sources */,
				19ED5A7325AB84410047BBF9 /* APIService.swift in Sources */,
				19ED5A3325AB7C3B0047BBF9 /* UsersViewControllerTests.swift in Sources */,
			);
			runOnlyForDeploymentPostprocessing = 0;
		};
/* End PBXSourcesBuildPhase section */

/* Begin PBXTargetDependency section */
		19ED598B25AA04A30047BBF9 /* PBXTargetDependency */ = {
			isa = PBXTargetDependency;
			target = 19ED596F25AA049F0047BBF9 /* CeibaTechnicalTest */;
			targetProxy = 19ED598A25AA04A30047BBF9 /* PBXContainerItemProxy */;
		};
/* End PBXTargetDependency section */

/* Begin PBXVariantGroup section */
		19ED597925AA049F0047BBF9 /* Main.storyboard */ = {
			isa = PBXVariantGroup;
			children = (
				19ED597A25AA049F0047BBF9 /* Base */,
			);
			name = Main.storyboard;
			sourceTree = "<group>";
		};
		19ED598125AA04A30047BBF9 /* LaunchScreen.storyboard */ = {
			isa = PBXVariantGroup;
			children = (
				19ED598225AA04A30047BBF9 /* Base */,
			);
			name = LaunchScreen.storyboard;
			sourceTree = "<group>";
		};
/* End PBXVariantGroup section */

/* Begin XCBuildConfiguration section */
		19ED599B25AA04A30047BBF9 /* Debug */ = {
			isa = XCBuildConfiguration;
			buildSettings = {
				ALWAYS_SEARCH_USER_PATHS = NO;
				CLANG_ANALYZER_NONNULL = YES;
				CLANG_ANALYZER_NUMBER_OBJECT_CONVERSION = YES_AGGRESSIVE;
				CLANG_CXX_LANGUAGE_STANDARD = "gnu++14";
				CLANG_CXX_LIBRARY = "libc++";
				CLANG_ENABLE_MODULES = YES;
				CLANG_ENABLE_OBJC_ARC = YES;
				CLANG_ENABLE_OBJC_WEAK = YES;
				CLANG_WARN_BLOCK_CAPTURE_AUTORELEASING = YES;
				CLANG_WARN_BOOL_CONVERSION = YES;
				CLANG_WARN_COMMA = YES;
				CLANG_WARN_CONSTANT_CONVERSION = YES;
				CLANG_WARN_DEPRECATED_OBJC_IMPLEMENTATIONS = YES;
				CLANG_WARN_DIRECT_OBJC_ISA_USAGE = YES_ERROR;
				CLANG_WARN_DOCUMENTATION_COMMENTS = YES;
				CLANG_WARN_EMPTY_BODY = YES;
				CLANG_WARN_ENUM_CONVERSION = YES;
				CLANG_WARN_INFINITE_RECURSION = YES;
				CLANG_WARN_INT_CONVERSION = YES;
				CLANG_WARN_NON_LITERAL_NULL_CONVERSION = YES;
				CLANG_WARN_OBJC_IMPLICIT_RETAIN_SELF = YES;
				CLANG_WARN_OBJC_LITERAL_CONVERSION = YES;
				CLANG_WARN_OBJC_ROOT_CLASS = YES_ERROR;
				CLANG_WARN_QUOTED_INCLUDE_IN_FRAMEWORK_HEADER = YES;
				CLANG_WARN_RANGE_LOOP_ANALYSIS = YES;
				CLANG_WARN_STRICT_PROTOTYPES = YES;
				CLANG_WARN_SUSPICIOUS_MOVE = YES;
				CLANG_WARN_UNGUARDED_AVAILABILITY = YES_AGGRESSIVE;
				CLANG_WARN_UNREACHABLE_CODE = YES;
				CLANG_WARN__DUPLICATE_METHOD_MATCH = YES;
				COPY_PHASE_STRIP = NO;
				DEBUG_INFORMATION_FORMAT = dwarf;
				ENABLE_STRICT_OBJC_MSGSEND = YES;
				ENABLE_TESTABILITY = YES;
				GCC_C_LANGUAGE_STANDARD = gnu11;
				GCC_DYNAMIC_NO_PIC = NO;
				GCC_NO_COMMON_BLOCKS = YES;
				GCC_OPTIMIZATION_LEVEL = 0;
				GCC_PREPROCESSOR_DEFINITIONS = (
					"DEBUG=1",
					"$(inherited)",
				);
				GCC_WARN_64_TO_32_BIT_CONVERSION = YES;
				GCC_WARN_ABOUT_RETURN_TYPE = YES_ERROR;
				GCC_WARN_UNDECLARED_SELECTOR = YES;
				GCC_WARN_UNINITIALIZED_AUTOS = YES_AGGRESSIVE;
				GCC_WARN_UNUSED_FUNCTION = YES;
				GCC_WARN_UNUSED_VARIABLE = YES;
				IPHONEOS_DEPLOYMENT_TARGET = 14.2;
				MTL_ENABLE_DEBUG_INFO = INCLUDE_SOURCE;
				MTL_FAST_MATH = YES;
				ONLY_ACTIVE_ARCH = YES;
				SDKROOT = iphoneos;
				SWIFT_ACTIVE_COMPILATION_CONDITIONS = DEBUG;
				SWIFT_OPTIMIZATION_LEVEL = "-Onone";
			};
			name = Debug;
		};
		19ED599C25AA04A30047BBF9 /* Release */ = {
			isa = XCBuildConfiguration;
			buildSettings = {
				ALWAYS_SEARCH_USER_PATHS = NO;
				CLANG_ANALYZER_NONNULL = YES;
				CLANG_ANALYZER_NUMBER_OBJECT_CONVERSION = YES_AGGRESSIVE;
				CLANG_CXX_LANGUAGE_STANDARD = "gnu++14";
				CLANG_CXX_LIBRARY = "libc++";
				CLANG_ENABLE_MODULES = YES;
				CLANG_ENABLE_OBJC_ARC = YES;
				CLANG_ENABLE_OBJC_WEAK = YES;
				CLANG_WARN_BLOCK_CAPTURE_AUTORELEASING = YES;
				CLANG_WARN_BOOL_CONVERSION = YES;
				CLANG_WARN_COMMA = YES;
				CLANG_WARN_CONSTANT_CONVERSION = YES;
				CLANG_WARN_DEPRECATED_OBJC_IMPLEMENTATIONS = YES;
				CLANG_WARN_DIRECT_OBJC_ISA_USAGE = YES_ERROR;
				CLANG_WARN_DOCUMENTATION_COMMENTS = YES;
				CLANG_WARN_EMPTY_BODY = YES;
				CLANG_WARN_ENUM_CONVERSION = YES;
				CLANG_WARN_INFINITE_RECURSION = YES;
				CLANG_WARN_INT_CONVERSION = YES;
				CLANG_WARN_NON_LITERAL_NULL_CONVERSION = YES;
				CLANG_WARN_OBJC_IMPLICIT_RETAIN_SELF = YES;
				CLANG_WARN_OBJC_LITERAL_CONVERSION = YES;
				CLANG_WARN_OBJC_ROOT_CLASS = YES_ERROR;
				CLANG_WARN_QUOTED_INCLUDE_IN_FRAMEWORK_HEADER = YES;
				CLANG_WARN_RANGE_LOOP_ANALYSIS = YES;
				CLANG_WARN_STRICT_PROTOTYPES = YES;
				CLANG_WARN_SUSPICIOUS_MOVE = YES;
				CLANG_WARN_UNGUARDED_AVAILABILITY = YES_AGGRESSIVE;
				CLANG_WARN_UNREACHABLE_CODE = YES;
				CLANG_WARN__DUPLICATE_METHOD_MATCH = YES;
				COPY_PHASE_STRIP = NO;
				DEBUG_INFORMATION_FORMAT = "dwarf-with-dsym";
				ENABLE_NS_ASSERTIONS = NO;
				ENABLE_STRICT_OBJC_MSGSEND = YES;
				GCC_C_LANGUAGE_STANDARD = gnu11;
				GCC_NO_COMMON_BLOCKS = YES;
				GCC_WARN_64_TO_32_BIT_CONVERSION = YES;
				GCC_WARN_ABOUT_RETURN_TYPE = YES_ERROR;
				GCC_WARN_UNDECLARED_SELECTOR = YES;
				GCC_WARN_UNINITIALIZED_AUTOS = YES_AGGRESSIVE;
				GCC_WARN_UNUSED_FUNCTION = YES;
				GCC_WARN_UNUSED_VARIABLE = YES;
				IPHONEOS_DEPLOYMENT_TARGET = 14.2;
				MTL_ENABLE_DEBUG_INFO = NO;
				MTL_FAST_MATH = YES;
				SDKROOT = iphoneos;
				SWIFT_COMPILATION_MODE = wholemodule;
				SWIFT_OPTIMIZATION_LEVEL = "-O";
				VALIDATE_PRODUCT = YES;
			};
			name = Release;
		};
		19ED599E25AA04A30047BBF9 /* Debug */ = {
			isa = XCBuildConfiguration;
			buildSettings = {
				ASSETCATALOG_COMPILER_APPICON_NAME = AppIcon;
				ASSETCATALOG_COMPILER_GLOBAL_ACCENT_COLOR_NAME = AccentColor;
				CODE_SIGN_STYLE = Automatic;
				INFOPLIST_FILE = CeibaTechnicalTest/Info.plist;
				LD_RUNPATH_SEARCH_PATHS = (
					"$(inherited)",
					"@executable_path/Frameworks",
				);
				PRODUCT_BUNDLE_IDENTIFIER = santiago.CeibaTechnicalTest;
				PRODUCT_NAME = "$(TARGET_NAME)";
				SWIFT_VERSION = 5.0;
				TARGETED_DEVICE_FAMILY = "1,2";
			};
			name = Debug;
		};
		19ED599F25AA04A30047BBF9 /* Release */ = {
			isa = XCBuildConfiguration;
			buildSettings = {
				ASSETCATALOG_COMPILER_APPICON_NAME = AppIcon;
				ASSETCATALOG_COMPILER_GLOBAL_ACCENT_COLOR_NAME = AccentColor;
				CODE_SIGN_STYLE = Automatic;
				INFOPLIST_FILE = CeibaTechnicalTest/Info.plist;
				LD_RUNPATH_SEARCH_PATHS = (
					"$(inherited)",
					"@executable_path/Frameworks",
				);
				PRODUCT_BUNDLE_IDENTIFIER = santiago.CeibaTechnicalTest;
				PRODUCT_NAME = "$(TARGET_NAME)";
				SWIFT_VERSION = 5.0;
				TARGETED_DEVICE_FAMILY = "1,2";
			};
			name = Release;
		};
		19ED59A125AA04A30047BBF9 /* Debug */ = {
			isa = XCBuildConfiguration;
			buildSettings = {
				ALWAYS_EMBED_SWIFT_STANDARD_LIBRARIES = YES;
				BUNDLE_LOADER = "$(TEST_HOST)";
				CODE_SIGN_STYLE = Automatic;
				INFOPLIST_FILE = CeibaTechnicalTestTests/Info.plist;
				IPHONEOS_DEPLOYMENT_TARGET = 14.2;
				LD_RUNPATH_SEARCH_PATHS = (
					"$(inherited)",
					"@executable_path/Frameworks",
					"@loader_path/Frameworks",
				);
				PRODUCT_BUNDLE_IDENTIFIER = santiago.CeibaTechnicalTestTests;
				PRODUCT_NAME = "$(TARGET_NAME)";
				SWIFT_VERSION = 5.0;
				TARGETED_DEVICE_FAMILY = "1,2";
				TEST_HOST = "$(BUILT_PRODUCTS_DIR)/CeibaTechnicalTest.app/CeibaTechnicalTest";
			};
			name = Debug;
		};
		19ED59A225AA04A30047BBF9 /* Release */ = {
			isa = XCBuildConfiguration;
			buildSettings = {
				ALWAYS_EMBED_SWIFT_STANDARD_LIBRARIES = YES;
				BUNDLE_LOADER = "$(TEST_HOST)";
				CODE_SIGN_STYLE = Automatic;
				INFOPLIST_FILE = CeibaTechnicalTestTests/Info.plist;
				IPHONEOS_DEPLOYMENT_TARGET = 14.2;
				LD_RUNPATH_SEARCH_PATHS = (
					"$(inherited)",
					"@executable_path/Frameworks",
					"@loader_path/Frameworks",
				);
				PRODUCT_BUNDLE_IDENTIFIER = santiago.CeibaTechnicalTestTests;
				PRODUCT_NAME = "$(TARGET_NAME)";
				SWIFT_VERSION = 5.0;
				TARGETED_DEVICE_FAMILY = "1,2";
				TEST_HOST = "$(BUILT_PRODUCTS_DIR)/CeibaTechnicalTest.app/CeibaTechnicalTest";
			};
			name = Release;
		};
/* End XCBuildConfiguration section */

/* Begin XCConfigurationList section */
		19ED596B25AA049F0047BBF9 /* Build configuration list for PBXProject "CeibaTechnicalTest" */ = {
			isa = XCConfigurationList;
			buildConfigurations = (
				19ED599B25AA04A30047BBF9 /* Debug */,
				19ED599C25AA04A30047BBF9 /* Release */,
			);
			defaultConfigurationIsVisible = 0;
			defaultConfigurationName = Release;
		};
		19ED599D25AA04A30047BBF9 /* Build configuration list for PBXNativeTarget "CeibaTechnicalTest" */ = {
			isa = XCConfigurationList;
			buildConfigurations = (
				19ED599E25AA04A30047BBF9 /* Debug */,
				19ED599F25AA04A30047BBF9 /* Release */,
			);
			defaultConfigurationIsVisible = 0;
			defaultConfigurationName = Release;
		};
		19ED59A025AA04A30047BBF9 /* Build configuration list for PBXNativeTarget "CeibaTechnicalTestTests" */ = {
			isa = XCConfigurationList;
			buildConfigurations = (
				19ED59A125AA04A30047BBF9 /* Debug */,
				19ED59A225AA04A30047BBF9 /* Release */,
			);
			defaultConfigurationIsVisible = 0;
			defaultConfigurationName = Release;
		};
/* End XCConfigurationList section */

/* Begin XCVersionGroup section */
		19ED597C25AA049F0047BBF9 /* CeibaTechnicalTest.xcdatamodeld */ = {
			isa = XCVersionGroup;
			children = (
				19ED597D25AA049F0047BBF9 /* CeibaTechnicalTest.xcdatamodel */,
			);
			currentVersion = 19ED597D25AA049F0047BBF9 /* CeibaTechnicalTest.xcdatamodel */;
			path = CeibaTechnicalTest.xcdatamodeld;
			sourceTree = "<group>";
			versionGroupType = wrapper.xcdatamodel;
		};
/* End XCVersionGroup section */
	};
	rootObject = 19ED596825AA049F0047BBF9 /* Project object */;
}
